// !$*UTF8*$!
{
	archiveVersion = 1;
	classes = {
	};
	objectVersion = 56;
	objects = {

/* Begin PBXBuildFile section */
		0E5475CB2B40C89500E26B60 /* SplashScreen.swift in Sources */ = {isa = PBXBuildFile; fileRef = 0E5475CA2B40C89500E26B60 /* SplashScreen.swift */; };
		0E9970C32A357D6C0050AACB /* RideBetterApp.swift in Sources */ = {isa = PBXBuildFile; fileRef = 0E9970C22A357D6C0050AACB /* RideBetterApp.swift */; };
		0E9970C52A357D6C0050AACB /* ContentView.swift in Sources */ = {isa = PBXBuildFile; fileRef = 0E9970C42A357D6C0050AACB /* ContentView.swift */; };
		0E9970C72A357D6D0050AACB /* Assets.xcassets in Resources */ = {isa = PBXBuildFile; fileRef = 0E9970C62A357D6D0050AACB /* Assets.xcassets */; };
		0E9970CA2A357D6D0050AACB /* Preview Assets.xcassets in Resources */ = {isa = PBXBuildFile; fileRef = 0E9970C92A357D6D0050AACB /* Preview Assets.xcassets */; };
		0E9970D42A357D6D0050AACB /* RideBetterTests.swift in Sources */ = {isa = PBXBuildFile; fileRef = 0E9970D32A357D6D0050AACB /* RideBetterTests.swift */; };
		0E9970DE2A357D6D0050AACB /* RideBetterUITests.swift in Sources */ = {isa = PBXBuildFile; fileRef = 0E9970DD2A357D6D0050AACB /* RideBetterUITests.swift */; };
		0E9970E02A357D6D0050AACB /* RideBetterUITestsLaunchTests.swift in Sources */ = {isa = PBXBuildFile; fileRef = 0E9970DF2A357D6D0050AACB /* RideBetterUITestsLaunchTests.swift */; };
		0E9970F12A380F150050AACB /* ContentViewModel.swift in Sources */ = {isa = PBXBuildFile; fileRef = 0E9970F02A380F150050AACB /* ContentViewModel.swift */; };
		0E9970F72A3813BA0050AACB /* LocationView.swift in Sources */ = {isa = PBXBuildFile; fileRef = 0E9970F62A3813BA0050AACB /* LocationView.swift */; };
		0E9970FD2A3C23520050AACB /* LyftVsUber.swift in Sources */ = {isa = PBXBuildFile; fileRef = 0E9970FC2A3C23520050AACB /* LyftVsUber.swift */; };
		0E9970FF2A440A300050AACB /* Address.swift in Sources */ = {isa = PBXBuildFile; fileRef = 0E9970FE2A440A300050AACB /* Address.swift */; };
		0E9971032A46075D0050AACB /* PriceEstimate.swift in Sources */ = {isa = PBXBuildFile; fileRef = 0E9971022A46075D0050AACB /* PriceEstimate.swift */; };
		0E9971052A46077A0050AACB /* UberModel.swift in Sources */ = {isa = PBXBuildFile; fileRef = 0E9971042A46077A0050AACB /* UberModel.swift */; };
/* End PBXBuildFile section */

/* Begin PBXContainerItemProxy section */
		0E9970D02A357D6D0050AACB /* PBXContainerItemProxy */ = {
			isa = PBXContainerItemProxy;
			containerPortal = 0E9970B72A357D6C0050AACB /* Project object */;
			proxyType = 1;
			remoteGlobalIDString = 0E9970BE2A357D6C0050AACB;
			remoteInfo = RideBetter;
		};
		0E9970DA2A357D6D0050AACB /* PBXContainerItemProxy */ = {
			isa = PBXContainerItemProxy;
			containerPortal = 0E9970B72A357D6C0050AACB /* Project object */;
			proxyType = 1;
			remoteGlobalIDString = 0E9970BE2A357D6C0050AACB;
			remoteInfo = RideBetter;
		};
/* End PBXContainerItemProxy section */

/* Begin PBXFileReference section */
		0E5475CA2B40C89500E26B60 /* SplashScreen.swift */ = {isa = PBXFileReference; lastKnownFileType = sourcecode.swift; path = SplashScreen.swift; sourceTree = "<group>"; };
		0E9970BF2A357D6C0050AACB /* RideBetter.app */ = {isa = PBXFileReference; explicitFileType = wrapper.application; includeInIndex = 0; path = RideBetter.app; sourceTree = BUILT_PRODUCTS_DIR; };
		0E9970C22A357D6C0050AACB /* RideBetterApp.swift */ = {isa = PBXFileReference; lastKnownFileType = sourcecode.swift; path = RideBetterApp.swift; sourceTree = "<group>"; };
		0E9970C42A357D6C0050AACB /* ContentView.swift */ = {isa = PBXFileReference; lastKnownFileType = sourcecode.swift; path = ContentView.swift; sourceTree = "<group>"; };
		0E9970C62A357D6D0050AACB /* Assets.xcassets */ = {isa = PBXFileReference; lastKnownFileType = folder.assetcatalog; path = Assets.xcassets; sourceTree = "<group>"; };
		0E9970C92A357D6D0050AACB /* Preview Assets.xcassets */ = {isa = PBXFileReference; lastKnownFileType = folder.assetcatalog; path = "Preview Assets.xcassets"; sourceTree = "<group>"; };
		0E9970CF2A357D6D0050AACB /* RideBetterTests.xctest */ = {isa = PBXFileReference; explicitFileType = wrapper.cfbundle; includeInIndex = 0; path = RideBetterTests.xctest; sourceTree = BUILT_PRODUCTS_DIR; };
		0E9970D32A357D6D0050AACB /* RideBetterTests.swift */ = {isa = PBXFileReference; lastKnownFileType = sourcecode.swift; path = RideBetterTests.swift; sourceTree = "<group>"; };
		0E9970D92A357D6D0050AACB /* RideBetterUITests.xctest */ = {isa = PBXFileReference; explicitFileType = wrapper.cfbundle; includeInIndex = 0; path = RideBetterUITests.xctest; sourceTree = BUILT_PRODUCTS_DIR; };
		0E9970DD2A357D6D0050AACB /* RideBetterUITests.swift */ = {isa = PBXFileReference; lastKnownFileType = sourcecode.swift; path = RideBetterUITests.swift; sourceTree = "<group>"; };
		0E9970DF2A357D6D0050AACB /* RideBetterUITestsLaunchTests.swift */ = {isa = PBXFileReference; lastKnownFileType = sourcecode.swift; path = RideBetterUITestsLaunchTests.swift; sourceTree = "<group>"; };
		0E9970F02A380F150050AACB /* ContentViewModel.swift */ = {isa = PBXFileReference; lastKnownFileType = sourcecode.swift; path = ContentViewModel.swift; sourceTree = "<group>"; };
		0E9970F62A3813BA0050AACB /* LocationView.swift */ = {isa = PBXFileReference; lastKnownFileType = sourcecode.swift; path = LocationView.swift; sourceTree = "<group>"; };
		0E9970FC2A3C23520050AACB /* LyftVsUber.swift */ = {isa = PBXFileReference; lastKnownFileType = sourcecode.swift; path = LyftVsUber.swift; sourceTree = "<group>"; };
		0E9970FE2A440A300050AACB /* Address.swift */ = {isa = PBXFileReference; lastKnownFileType = sourcecode.swift; path = Address.swift; sourceTree = "<group>"; };
		0E9971022A46075D0050AACB /* PriceEstimate.swift */ = {isa = PBXFileReference; lastKnownFileType = sourcecode.swift; path = PriceEstimate.swift; sourceTree = "<group>"; };
		0E9971042A46077A0050AACB /* UberModel.swift */ = {isa = PBXFileReference; lastKnownFileType = sourcecode.swift; path = UberModel.swift; sourceTree = "<group>"; };
/* End PBXFileReference section */

/* Begin PBXFrameworksBuildPhase section */
		0E9970BC2A357D6C0050AACB /* Frameworks */ = {
			isa = PBXFrameworksBuildPhase;
			buildActionMask = 2147483647;
			files = (
			);
			runOnlyForDeploymentPostprocessing = 0;
		};
		0E9970CC2A357D6D0050AACB /* Frameworks */ = {
			isa = PBXFrameworksBuildPhase;
			buildActionMask = 2147483647;
			files = (
			);
			runOnlyForDeploymentPostprocessing = 0;
		};
		0E9970D62A357D6D0050AACB /* Frameworks */ = {
			isa = PBXFrameworksBuildPhase;
			buildActionMask = 2147483647;
			files = (
			);
			runOnlyForDeploymentPostprocessing = 0;
		};
/* End PBXFrameworksBuildPhase section */

/* Begin PBXGroup section */
		0E9970B62A357D6C0050AACB = {
			isa = PBXGroup;
			children = (
				0E9970C12A357D6C0050AACB /* RideBetter */,
				0E9970D22A357D6D0050AACB /* RideBetterTests */,
				0E9970DC2A357D6D0050AACB /* RideBetterUITests */,
				0E9970C02A357D6C0050AACB /* Products */,
			);
			sourceTree = "<group>";
		};
		0E9970C02A357D6C0050AACB /* Products */ = {
			isa = PBXGroup;
			children = (
				0E9970BF2A357D6C0050AACB /* RideBetter.app */,
				0E9970CF2A357D6D0050AACB /* RideBetterTests.xctest */,
				0E9970D92A357D6D0050AACB /* RideBetterUITests.xctest */,
			);
			name = Products;
			sourceTree = "<group>";
		};
		0E9970C12A357D6C0050AACB /* RideBetter */ = {
			isa = PBXGroup;
			children = (
				0E9970C22A357D6C0050AACB /* RideBetterApp.swift */,
				0E9970F02A380F150050AACB /* ContentViewModel.swift */,
				0E9970FE2A440A300050AACB /* Address.swift */,
				0E9970C42A357D6C0050AACB /* ContentView.swift */,
				0E9970FC2A3C23520050AACB /* LyftVsUber.swift */,
				0E9971022A46075D0050AACB /* PriceEstimate.swift */,
				0E5475CA2B40C89500E26B60 /* SplashScreen.swift */,
				0E9971042A46077A0050AACB /* UberModel.swift */,
				0E9970F62A3813BA0050AACB /* LocationView.swift */,
				0E9970C62A357D6D0050AACB /* Assets.xcassets */,
				0E9970C82A357D6D0050AACB /* Preview Content */,
			);
			path = RideBetter;
			sourceTree = "<group>";
		};
		0E9970C82A357D6D0050AACB /* Preview Content */ = {
			isa = PBXGroup;
			children = (
				0E9970C92A357D6D0050AACB /* Preview Assets.xcassets */,
			);
			path = "Preview Content";
			sourceTree = "<group>";
		};
		0E9970D22A357D6D0050AACB /* RideBetterTests */ = {
			isa = PBXGroup;
			children = (
				0E9970D32A357D6D0050AACB /* RideBetterTests.swift */,
			);
			path = RideBetterTests;
			sourceTree = "<group>";
		};
		0E9970DC2A357D6D0050AACB /* RideBetterUITests */ = {
			isa = PBXGroup;
			children = (
				0E9970DD2A357D6D0050AACB /* RideBetterUITests.swift */,
				0E9970DF2A357D6D0050AACB /* RideBetterUITestsLaunchTests.swift */,
			);
			path = RideBetterUITests;
			sourceTree = "<group>";
		};
/* End PBXGroup section */

/* Begin PBXNativeTarget section */
		0E9970BE2A357D6C0050AACB /* RideBetter */ = {
			isa = PBXNativeTarget;
			buildConfigurationList = 0E9970E32A357D6D0050AACB /* Build configuration list for PBXNativeTarget "RideBetter" */;
			buildPhases = (
				0E9970BB2A357D6C0050AACB /* Sources */,
				0E9970BC2A357D6C0050AACB /* Frameworks */,
				0E9970BD2A357D6C0050AACB /* Resources */,
			);
			buildRules = (
			);
			dependencies = (
			);
			name = RideBetter;
			productName = RideBetter;
			productReference = 0E9970BF2A357D6C0050AACB /* RideBetter.app */;
			productType = "com.apple.product-type.application";
		};
		0E9970CE2A357D6D0050AACB /* RideBetterTests */ = {
			isa = PBXNativeTarget;
			buildConfigurationList = 0E9970E62A357D6D0050AACB /* Build configuration list for PBXNativeTarget "RideBetterTests" */;
			buildPhases = (
				0E9970CB2A357D6D0050AACB /* Sources */,
				0E9970CC2A357D6D0050AACB /* Frameworks */,
				0E9970CD2A357D6D0050AACB /* Resources */,
			);
			buildRules = (
			);
			dependencies = (
				0E9970D12A357D6D0050AACB /* PBXTargetDependency */,
			);
			name = RideBetterTests;
			productName = RideBetterTests;
			productReference = 0E9970CF2A357D6D0050AACB /* RideBetterTests.xctest */;
			productType = "com.apple.product-type.bundle.unit-test";
		};
		0E9970D82A357D6D0050AACB /* RideBetterUITests */ = {
			isa = PBXNativeTarget;
			buildConfigurationList = 0E9970E92A357D6D0050AACB /* Build configuration list for PBXNativeTarget "RideBetterUITests" */;
			buildPhases = (
				0E9970D52A357D6D0050AACB /* Sources */,
				0E9970D62A357D6D0050AACB /* Frameworks */,
				0E9970D72A357D6D0050AACB /* Resources */,
			);
			buildRules = (
			);
			dependencies = (
				0E9970DB2A357D6D0050AACB /* PBXTargetDependency */,
			);
			name = RideBetterUITests;
			productName = RideBetterUITests;
			productReference = 0E9970D92A357D6D0050AACB /* RideBetterUITests.xctest */;
			productType = "com.apple.product-type.bundle.ui-testing";
		};
/* End PBXNativeTarget section */

/* Begin PBXProject section */
		0E9970B72A357D6C0050AACB /* Project object */ = {
			isa = PBXProject;
			attributes = {
				BuildIndependentTargetsInParallel = 1;
				LastSwiftUpdateCheck = 1420;
				LastUpgradeCheck = 1420;
				TargetAttributes = {
					0E9970BE2A357D6C0050AACB = {
						CreatedOnToolsVersion = 14.2;
					};
					0E9970CE2A357D6D0050AACB = {
						CreatedOnToolsVersion = 14.2;
						TestTargetID = 0E9970BE2A357D6C0050AACB;
					};
					0E9970D82A357D6D0050AACB = {
						CreatedOnToolsVersion = 14.2;
						TestTargetID = 0E9970BE2A357D6C0050AACB;
					};
				};
			};
			buildConfigurationList = 0E9970BA2A357D6C0050AACB /* Build configuration list for PBXProject "RideBetter" */;
			compatibilityVersion = "Xcode 14.0";
			developmentRegion = en;
			hasScannedForEncodings = 0;
			knownRegions = (
				en,
				Base,
			);
			mainGroup = 0E9970B62A357D6C0050AACB;
			productRefGroup = 0E9970C02A357D6C0050AACB /* Products */;
			projectDirPath = "";
			projectRoot = "";
			targets = (
				0E9970BE2A357D6C0050AACB /* RideBetter */,
				0E9970CE2A357D6D0050AACB /* RideBetterTests */,
				0E9970D82A357D6D0050AACB /* RideBetterUITests */,
			);
		};
/* End PBXProject section */

/* Begin PBXResourcesBuildPhase section */
		0E9970BD2A357D6C0050AACB /* Resources */ = {
			isa = PBXResourcesBuildPhase;
			buildActionMask = 2147483647;
			files = (
				0E9970CA2A357D6D0050AACB /* Preview Assets.xcassets in Resources */,
				0E9970C72A357D6D0050AACB /* Assets.xcassets in Resources */,
			);
			runOnlyForDeploymentPostprocessing = 0;
		};
		0E9970CD2A357D6D0050AACB /* Resources */ = {
			isa = PBXResourcesBuildPhase;
			buildActionMask = 2147483647;
			files = (
			);
			runOnlyForDeploymentPostprocessing = 0;
		};
		0E9970D72A357D6D0050AACB /* Resources */ = {
			isa = PBXResourcesBuildPhase;
			buildActionMask = 2147483647;
			files = (
			);
			runOnlyForDeploymentPostprocessing = 0;
		};
/* End PBXResourcesBuildPhase section */

/* Begin PBXSourcesBuildPhase section */
		0E9970BB2A357D6C0050AACB /* Sources */ = {
			isa = PBXSourcesBuildPhase;
			buildActionMask = 2147483647;
			files = (
				0E5475CB2B40C89500E26B60 /* SplashScreen.swift in Sources */,
				0E9971032A46075D0050AACB /* PriceEstimate.swift in Sources */,
				0E9971052A46077A0050AACB /* UberModel.swift in Sources */,
				0E9970FF2A440A300050AACB /* Address.swift in Sources */,
				0E9970C52A357D6C0050AACB /* ContentView.swift in Sources */,
				0E9970FD2A3C23520050AACB /* LyftVsUber.swift in Sources */,
				0E9970C32A357D6C0050AACB /* RideBetterApp.swift in Sources */,
				0E9970F72A3813BA0050AACB /* LocationView.swift in Sources */,
				0E9970F12A380F150050AACB /* ContentViewModel.swift in Sources */,
			);
			runOnlyForDeploymentPostprocessing = 0;
		};
		0E9970CB2A357D6D0050AACB /* Sources */ = {
			isa = PBXSourcesBuildPhase;
			buildActionMask = 2147483647;
			files = (
				0E9970D42A357D6D0050AACB /* RideBetterTests.swift in Sources */,
			);
			runOnlyForDeploymentPostprocessing = 0;
		};
		0E9970D52A357D6D0050AACB /* Sources */ = {
			isa = PBXSourcesBuildPhase;
			buildActionMask = 2147483647;
			files = (
				0E9970E02A357D6D0050AACB /* RideBetterUITestsLaunchTests.swift in Sources */,
				0E9970DE2A357D6D0050AACB /* RideBetterUITests.swift in Sources */,
			);
			runOnlyForDeploymentPostprocessing = 0;
		};
/* End PBXSourcesBuildPhase section */

/* Begin PBXTargetDependency section */
		0E9970D12A357D6D0050AACB /* PBXTargetDependency */ = {
			isa = PBXTargetDependency;
			target = 0E9970BE2A357D6C0050AACB /* RideBetter */;
			targetProxy = 0E9970D02A357D6D0050AACB /* PBXContainerItemProxy */;
		};
		0E9970DB2A357D6D0050AACB /* PBXTargetDependency */ = {
			isa = PBXTargetDependency;
			target = 0E9970BE2A357D6C0050AACB /* RideBetter */;
			targetProxy = 0E9970DA2A357D6D0050AACB /* PBXContainerItemProxy */;
		};
/* End PBXTargetDependency section */

/* Begin XCBuildConfiguration section */
		0E9970E12A357D6D0050AACB /* Debug */ = {
			isa = XCBuildConfiguration;
			buildSettings = {
				ALWAYS_SEARCH_USER_PATHS = NO;
				CLANG_ANALYZER_NONNULL = YES;
				CLANG_ANALYZER_NUMBER_OBJECT_CONVERSION = YES_AGGRESSIVE;
				CLANG_CXX_LANGUAGE_STANDARD = "gnu++20";
				CLANG_ENABLE_MODULES = YES;
				CLANG_ENABLE_OBJC_ARC = YES;
				CLANG_ENABLE_OBJC_WEAK = YES;
				CLANG_WARN_BLOCK_CAPTURE_AUTORELEASING = YES;
				CLANG_WARN_BOOL_CONVERSION = YES;
				CLANG_WARN_COMMA = YES;
				CLANG_WARN_CONSTANT_CONVERSION = YES;
				CLANG_WARN_DEPRECATED_OBJC_IMPLEMENTATIONS = YES;
				CLANG_WARN_DIRECT_OBJC_ISA_USAGE = YES_ERROR;
				CLANG_WARN_DOCUMENTATION_COMMENTS = YES;
				CLANG_WARN_EMPTY_BODY = YES;
				CLANG_WARN_ENUM_CONVERSION = YES;
				CLANG_WARN_INFINITE_RECURSION = YES;
				CLANG_WARN_INT_CONVERSION = YES;
				CLANG_WARN_NON_LITERAL_NULL_CONVERSION = YES;
				CLANG_WARN_OBJC_IMPLICIT_RETAIN_SELF = YES;
				CLANG_WARN_OBJC_LITERAL_CONVERSION = YES;
				CLANG_WARN_OBJC_ROOT_CLASS = YES_ERROR;
				CLANG_WARN_QUOTED_INCLUDE_IN_FRAMEWORK_HEADER = YES;
				CLANG_WARN_RANGE_LOOP_ANALYSIS = YES;
				CLANG_WARN_STRICT_PROTOTYPES = YES;
				CLANG_WARN_SUSPICIOUS_MOVE = YES;
				CLANG_WARN_UNGUARDED_AVAILABILITY = YES_AGGRESSIVE;
				CLANG_WARN_UNREACHABLE_CODE = YES;
				CLANG_WARN__DUPLICATE_METHOD_MATCH = YES;
				COPY_PHASE_STRIP = NO;
				DEBUG_INFORMATION_FORMAT = dwarf;
				ENABLE_STRICT_OBJC_MSGSEND = YES;
				ENABLE_TESTABILITY = YES;
				GCC_C_LANGUAGE_STANDARD = gnu11;
				GCC_DYNAMIC_NO_PIC = NO;
				GCC_NO_COMMON_BLOCKS = YES;
				GCC_OPTIMIZATION_LEVEL = 0;
				GCC_PREPROCESSOR_DEFINITIONS = (
					"DEBUG=1",
					"$(inherited)",
				);
				GCC_WARN_64_TO_32_BIT_CONVERSION = YES;
				GCC_WARN_ABOUT_RETURN_TYPE = YES_ERROR;
				GCC_WARN_UNDECLARED_SELECTOR = YES;
				GCC_WARN_UNINITIALIZED_AUTOS = YES_AGGRESSIVE;
				GCC_WARN_UNUSED_FUNCTION = YES;
				GCC_WARN_UNUSED_VARIABLE = YES;
				IPHONEOS_DEPLOYMENT_TARGET = 16.2;
				MTL_ENABLE_DEBUG_INFO = INCLUDE_SOURCE;
				MTL_FAST_MATH = YES;
				ONLY_ACTIVE_ARCH = YES;
				SDKROOT = iphoneos;
				SWIFT_ACTIVE_COMPILATION_CONDITIONS = DEBUG;
				SWIFT_OPTIMIZATION_LEVEL = "-Onone";
			};
			name = Debug;
		};
		0E9970E22A357D6D0050AACB /* Release */ = {
			isa = XCBuildConfiguration;
			buildSettings = {
				ALWAYS_SEARCH_USER_PATHS = NO;
				CLANG_ANALYZER_NONNULL = YES;
				CLANG_ANALYZER_NUMBER_OBJECT_CONVERSION = YES_AGGRESSIVE;
				CLANG_CXX_LANGUAGE_STANDARD = "gnu++20";
				CLANG_ENABLE_MODULES = YES;
				CLANG_ENABLE_OBJC_ARC = YES;
				CLANG_ENABLE_OBJC_WEAK = YES;
				CLANG_WARN_BLOCK_CAPTURE_AUTORELEASING = YES;
				CLANG_WARN_BOOL_CONVERSION = YES;
				CLANG_WARN_COMMA = YES;
				CLANG_WARN_CONSTANT_CONVERSION = YES;
				CLANG_WARN_DEPRECATED_OBJC_IMPLEMENTATIONS = YES;
				CLANG_WARN_DIRECT_OBJC_ISA_USAGE = YES_ERROR;
				CLANG_WARN_DOCUMENTATION_COMMENTS = YES;
				CLANG_WARN_EMPTY_BODY = YES;
				CLANG_WARN_ENUM_CONVERSION = YES;
				CLANG_WARN_INFINITE_RECURSION = YES;
				CLANG_WARN_INT_CONVERSION = YES;
				CLANG_WARN_NON_LITERAL_NULL_CONVERSION = YES;
				CLANG_WARN_OBJC_IMPLICIT_RETAIN_SELF = YES;
				CLANG_WARN_OBJC_LITERAL_CONVERSION = YES;
				CLANG_WARN_OBJC_ROOT_CLASS = YES_ERROR;
				CLANG_WARN_QUOTED_INCLUDE_IN_FRAMEWORK_HEADER = YES;
				CLANG_WARN_RANGE_LOOP_ANALYSIS = YES;
				CLANG_WARN_STRICT_PROTOTYPES = YES;
				CLANG_WARN_SUSPICIOUS_MOVE = YES;
				CLANG_WARN_UNGUARDED_AVAILABILITY = YES_AGGRESSIVE;
				CLANG_WARN_UNREACHABLE_CODE = YES;
				CLANG_WARN__DUPLICATE_METHOD_MATCH = YES;
				COPY_PHASE_STRIP = NO;
				DEBUG_INFORMATION_FORMAT = "dwarf-with-dsym";
				ENABLE_NS_ASSERTIONS = NO;
				ENABLE_STRICT_OBJC_MSGSEND = YES;
				GCC_C_LANGUAGE_STANDARD = gnu11;
				GCC_NO_COMMON_BLOCKS = YES;
				GCC_WARN_64_TO_32_BIT_CONVERSION = YES;
				GCC_WARN_ABOUT_RETURN_TYPE = YES_ERROR;
				GCC_WARN_UNDECLARED_SELECTOR = YES;
				GCC_WARN_UNINITIALIZED_AUTOS = YES_AGGRESSIVE;
				GCC_WARN_UNUSED_FUNCTION = YES;
				GCC_WARN_UNUSED_VARIABLE = YES;
				IPHONEOS_DEPLOYMENT_TARGET = 16.2;
				MTL_ENABLE_DEBUG_INFO = NO;
				MTL_FAST_MATH = YES;
				SDKROOT = iphoneos;
				SWIFT_COMPILATION_MODE = wholemodule;
				SWIFT_OPTIMIZATION_LEVEL = "-O";
				VALIDATE_PRODUCT = YES;
			};
			name = Release;
		};
		0E9970E42A357D6D0050AACB /* Debug */ = {
			isa = XCBuildConfiguration;
			buildSettings = {
				ASSETCATALOG_COMPILER_APPICON_NAME = AppIcon;
				ASSETCATALOG_COMPILER_GLOBAL_ACCENT_COLOR_NAME = AccentColor;
				CODE_SIGN_STYLE = Automatic;
				CURRENT_PROJECT_VERSION = 1;
				DEVELOPMENT_ASSET_PATHS = "\"RideBetter/Preview Content\"";
				ENABLE_PREVIEWS = YES;
				GENERATE_INFOPLIST_FILE = YES;
				INFOPLIST_KEY_UIApplicationSceneManifest_Generation = YES;
				INFOPLIST_KEY_UIApplicationSupportsIndirectInputEvents = YES;
				INFOPLIST_KEY_UILaunchScreen_Generation = YES;
				INFOPLIST_KEY_UISupportedInterfaceOrientations_iPad = "UIInterfaceOrientationPortrait UIInterfaceOrientationPortraitUpsideDown UIInterfaceOrientationLandscapeLeft UIInterfaceOrientationLandscapeRight";
				INFOPLIST_KEY_UISupportedInterfaceOrientations_iPhone = "UIInterfaceOrientationPortrait UIInterfaceOrientationLandscapeLeft UIInterfaceOrientationLandscapeRight";
				LD_RUNPATH_SEARCH_PATHS = (
					"$(inherited)",
					"@executable_path/Frameworks",
				);
				MARKETING_VERSION = 1.0;
				PRODUCT_BUNDLE_IDENTIFIER = com.maryam.RideBetter;
				PRODUCT_NAME = "$(TARGET_NAME)";
				SWIFT_EMIT_LOC_STRINGS = YES;
				SWIFT_VERSION = 5.0;
				TARGETED_DEVICE_FAMILY = "1,2";
			};
			name = Debug;
		};
		0E9970E52A357D6D0050AACB /* Release */ = {
			isa = XCBuildConfiguration;
			buildSettings = {
				ASSETCATALOG_COMPILER_APPICON_NAME = AppIcon;
				ASSETCATALOG_COMPILER_GLOBAL_ACCENT_COLOR_NAME = AccentColor;
				CODE_SIGN_STYLE = Automatic;
				CURRENT_PROJECT_VERSION = 1;
				DEVELOPMENT_ASSET_PATHS = "\"RideBetter/Preview Content\"";
				ENABLE_PREVIEWS = YES;
				GENERATE_INFOPLIST_FILE = YES;
				INFOPLIST_KEY_UIApplicationSceneManifest_Generation = YES;
				INFOPLIST_KEY_UIApplicationSupportsIndirectInputEvents = YES;
				INFOPLIST_KEY_UILaunchScreen_Generation = YES;
				INFOPLIST_KEY_UISupportedInterfaceOrientations_iPad = "UIInterfaceOrientationPortrait UIInterfaceOrientationPortraitUpsideDown UIInterfaceOrientationLandscapeLeft UIInterfaceOrientationLandscapeRight";
				INFOPLIST_KEY_UISupportedInterfaceOrientations_iPhone = "UIInterfaceOrientationPortrait UIInterfaceOrientationLandscapeLeft UIInterfaceOrientationLandscapeRight";
				LD_RUNPATH_SEARCH_PATHS = (
					"$(inherited)",
					"@executable_path/Frameworks",
				);
				MARKETING_VERSION = 1.0;
				PRODUCT_BUNDLE_IDENTIFIER = com.maryam.RideBetter;
				PRODUCT_NAME = "$(TARGET_NAME)";
				SWIFT_EMIT_LOC_STRINGS = YES;
				SWIFT_VERSION = 5.0;
				TARGETED_DEVICE_FAMILY = "1,2";
			};
			name = Release;
		};
		0E9970E72A357D6D0050AACB /* Debug */ = {
			isa = XCBuildConfiguration;
			buildSettings = {
				ALWAYS_EMBED_SWIFT_STANDARD_LIBRARIES = YES;
				BUNDLE_LOADER = "$(TEST_HOST)";
				CODE_SIGN_STYLE = Automatic;
				CURRENT_PROJECT_VERSION = 1;
				GENERATE_INFOPLIST_FILE = YES;
				IPHONEOS_DEPLOYMENT_TARGET = 16.2;
				MARKETING_VERSION = 1.0;
				PRODUCT_BUNDLE_IDENTIFIER = com.maryam.RideBetterTests;
				PRODUCT_NAME = "$(TARGET_NAME)";
				SWIFT_EMIT_LOC_STRINGS = NO;
				SWIFT_VERSION = 5.0;
				TARGETED_DEVICE_FAMILY = "1,2";
				TEST_HOST = "$(BUILT_PRODUCTS_DIR)/RideBetter.app/$(BUNDLE_EXECUTABLE_FOLDER_PATH)/RideBetter";
			};
			name = Debug;
		};
		0E9970E82A357D6D0050AACB /* Release */ = {
			isa = XCBuildConfiguration;
			buildSettings = {
				ALWAYS_EMBED_SWIFT_STANDARD_LIBRARIES = YES;
				BUNDLE_LOADER = "$(TEST_HOST)";
				CODE_SIGN_STYLE = Automatic;
				CURRENT_PROJECT_VERSION = 1;
				GENERATE_INFOPLIST_FILE = YES;
				IPHONEOS_DEPLOYMENT_TARGET = 16.2;
				MARKETING_VERSION = 1.0;
				PRODUCT_BUNDLE_IDENTIFIER = com.maryam.RideBetterTests;
				PRODUCT_NAME = "$(TARGET_NAME)";
				SWIFT_EMIT_LOC_STRINGS = NO;
				SWIFT_VERSION = 5.0;
				TARGETED_DEVICE_FAMILY = "1,2";
				TEST_HOST = "$(BUILT_PRODUCTS_DIR)/RideBetter.app/$(BUNDLE_EXECUTABLE_FOLDER_PATH)/RideBetter";
			};
			name = Release;
		};
		0E9970EA2A357D6D0050AACB /* Debug */ = {
			isa = XCBuildConfiguration;
			buildSettings = {
				ALWAYS_EMBED_SWIFT_STANDARD_LIBRARIES = YES;
				CODE_SIGN_STYLE = Automatic;
				CURRENT_PROJECT_VERSION = 1;
				GENERATE_INFOPLIST_FILE = YES;
				MARKETING_VERSION = 1.0;
				PRODUCT_BUNDLE_IDENTIFIER = com.maryam.RideBetterUITests;
				PRODUCT_NAME = "$(TARGET_NAME)";
				SWIFT_EMIT_LOC_STRINGS = NO;
				SWIFT_VERSION = 5.0;
				TARGETED_DEVICE_FAMILY = "1,2";
				TEST_TARGET_NAME = RideBetter;
			};
			name = Debug;
		};
		0E9970EB2A357D6D0050AACB /* Release */ = {
			isa = XCBuildConfiguration;
			buildSettings = {
				ALWAYS_EMBED_SWIFT_STANDARD_LIBRARIES = YES;
				CODE_SIGN_STYLE = Automatic;
				CURRENT_PROJECT_VERSION = 1;
				GENERATE_INFOPLIST_FILE = YES;
				MARKETING_VERSION = 1.0;
				PRODUCT_BUNDLE_IDENTIFIER = com.maryam.RideBetterUITests;
				PRODUCT_NAME = "$(TARGET_NAME)";
				SWIFT_EMIT_LOC_STRINGS = NO;
				SWIFT_VERSION = 5.0;
				TARGETED_DEVICE_FAMILY = "1,2";
				TEST_TARGET_NAME = RideBetter;
			};
			name = Release;
		};
/* End XCBuildConfiguration section */

/* Begin XCConfigurationList section */
		0E9970BA2A357D6C0050AACB /* Build configuration list for PBXProject "RideBetter" */ = {
			isa = XCConfigurationList;
			buildConfigurations = (
				0E9970E12A357D6D0050AACB /* Debug */,
				0E9970E22A357D6D0050AACB /* Release */,
			);
			defaultConfigurationIsVisible = 0;
			defaultConfigurationName = Release;
		};
		0E9970E32A357D6D0050AACB /* Build configuration list for PBXNativeTarget "RideBetter" */ = {
			isa = XCConfigurationList;
			buildConfigurations = (
				0E9970E42A357D6D0050AACB /* Debug */,
				0E9970E52A357D6D0050AACB /* Release */,
			);
			defaultConfigurationIsVisible = 0;
			defaultConfigurationName = Release;
		};
		0E9970E62A357D6D0050AACB /* Build configuration list for PBXNativeTarget "RideBetterTests" */ = {
			isa = XCConfigurationList;
			buildConfigurations = (
				0E9970E72A357D6D0050AACB /* Debug */,
				0E9970E82A357D6D0050AACB /* Release */,
			);
			defaultConfigurationIsVisible = 0;
			defaultConfigurationName = Release;
		};
		0E9970E92A357D6D0050AACB /* Build configuration list for PBXNativeTarget "RideBetterUITests" */ = {
			isa = XCConfigurationList;
			buildConfigurations = (
				0E9970EA2A357D6D0050AACB /* Debug */,
				0E9970EB2A357D6D0050AACB /* Release */,
			);
			defaultConfigurationIsVisible = 0;
			defaultConfigurationName = Release;
		};
/* End XCConfigurationList section */
	};
	rootObject = 0E9970B72A357D6C0050AACB /* Project object */;
}
